
Microsoft Visual Studio Solution File, Format Version 12.00
# Visual Studio 14
VisualStudioVersion = 14.0.25123.0
MinimumVisualStudioVersion = 10.0.40219.1
Project("{2150E333-8FDC-42A3-9474-1A3956D46DE8}") = "Platforms", "Platforms", "{D25E0999-38BC-458F-86C8-A180EB231530}"
EndProject
Project("{262852C6-CD72-467D-83FE-5EEB1973A190}") = "UWP", "UWP.jsproj", "{2C31691C-E020-4B6C-A017-A0D4F10C0876}"
EndProject
Project("{E24C65DC-7377-472B-9ABA-BC803B73C61A}") = "Bing-Gallery", ".", "{80D7808F-0DD4-4E09-A956-CCDFE5F4377E}"
	ProjectSection(WebsiteProperties) = preProject
		TargetFrameworkMoniker = ".NETFramework,Version%3Dv4.0"
		Debug.AspNetCompiler.VirtualPath = "/localhost_53057"
		Debug.AspNetCompiler.PhysicalPath = "..\Bing-Gallery\"
		Debug.AspNetCompiler.TargetPath = "PrecompiledWeb\localhost_53057\"
		Debug.AspNetCompiler.Updateable = "false"
		Debug.AspNetCompiler.ForceOverwrite = "true"
		Debug.AspNetCompiler.FixedNames = "false"
		Debug.AspNetCompiler.Debug = "True"
		Release.AspNetCompiler.VirtualPath = "/localhost_53057"
		Release.AspNetCompiler.PhysicalPath = "..\Bing-Gallery\"
		Release.AspNetCompiler.TargetPath = "PrecompiledWeb\localhost_53057\"
		Release.AspNetCompiler.Updateable = "false"
		Release.AspNetCompiler.ForceOverwrite = "true"
		Release.AspNetCompiler.FixedNames = "false"
		Release.AspNetCompiler.Debug = "False"
		VWDPort = "53057"
	EndProjectSection
EndProject
Global
	GlobalSection(SolutionConfigurationPlatforms) = preSolution
		Debug|Android = Debug|Android
		Debug|Any CPU = Debug|Any CPU
		Debug|ARM = Debug|ARM
		Debug|iOS = Debug|iOS
		Debug|Windows Phone (Universal) = Debug|Windows Phone (Universal)
		Debug|Windows Phone 8 = Debug|Windows Phone 8
		Debug|Windows-AnyCPU = Debug|Windows-AnyCPU
		Debug|Windows-ARM = Debug|Windows-ARM
		Debug|Windows-x64 = Debug|Windows-x64
		Debug|Windows-x86 = Debug|Windows-x86
		Debug|x64 = Debug|x64
		Debug|x86 = Debug|x86
		Release|Android = Release|Android
		Release|Any CPU = Release|Any CPU
		Release|ARM = Release|ARM
		Release|iOS = Release|iOS
		Release|Windows Phone (Universal) = Release|Windows Phone (Universal)
		Release|Windows Phone 8 = Release|Windows Phone 8
		Release|Windows-AnyCPU = Release|Windows-AnyCPU
		Release|Windows-ARM = Release|Windows-ARM
		Release|Windows-x64 = Release|Windows-x64
		Release|Windows-x86 = Release|Windows-x86
		Release|x64 = Release|x64
		Release|x86 = Release|x86
	EndGlobalSection
	GlobalSection(ProjectConfigurationPlatforms) = postSolution
		{2C31691C-E020-4B6C-A017-A0D4F10C0876}.Debug|Android.ActiveCfg = Debug|Any CPU
		{2C31691C-E020-4B6C-A017-A0D4F10C0876}.Debug|Android.Build.0 = Debug|Any CPU
		{2C31691C-E020-4B6C-A017-A0D4F10C0876}.Debug|Android.Deploy.0 = Debug|Any CPU
		{2C31691C-E020-4B6C-A017-A0D4F10C0876}.Debug|Any CPU.ActiveCfg = Debug|Any CPU
		{2C31691C-E020-4B6C-A017-A0D4F10C0876}.Debug|Any CPU.Build.0 = Debug|Any CPU
		{2C31691C-E020-4B6C-A017-A0D4F10C0876}.Debug|Any CPU.Deploy.0 = Debug|Any CPU
		{2C31691C-E020-4B6C-A017-A0D4F10C0876}.Debug|ARM.ActiveCfg = Debug|ARM
		{2C31691C-E020-4B6C-A017-A0D4F10C0876}.Debug|ARM.Build.0 = Debug|ARM
		{2C31691C-E020-4B6C-A017-A0D4F10C0876}.Debug|ARM.Deploy.0 = Debug|ARM
		{2C31691C-E020-4B6C-A017-A0D4F10C0876}.Debug|iOS.ActiveCfg = Debug|Any CPU
		{2C31691C-E020-4B6C-A017-A0D4F10C0876}.Debug|iOS.Build.0 = Debug|Any CPU
		{2C31691C-E020-4B6C-A017-A0D4F10C0876}.Debug|iOS.Deploy.0 = Debug|Any CPU
		{2C31691C-E020-4B6C-A017-A0D4F10C0876}.Debug|Windows Phone (Universal).ActiveCfg = Debug|Any CPU
		{2C31691C-E020-4B6C-A017-A0D4F10C0876}.Debug|Windows Phone (Universal).Build.0 = Debug|Any CPU
		{2C31691C-E020-4B6C-A017-A0D4F10C0876}.Debug|Windows Phone (Universal).Deploy.0 = Debug|Any CPU
		{2C31691C-E020-4B6C-A017-A0D4F10C0876}.Debug|Windows Phone 8.ActiveCfg = Debug|Any CPU
		{2C31691C-E020-4B6C-A017-A0D4F10C0876}.Debug|Windows Phone 8.Build.0 = Debug|Any CPU
		{2C31691C-E020-4B6C-A017-A0D4F10C0876}.Debug|Windows Phone 8.Deploy.0 = Debug|Any CPU
		{2C31691C-E020-4B6C-A017-A0D4F10C0876}.Debug|Windows-AnyCPU.ActiveCfg = Debug|Any CPU
		{2C31691C-E020-4B6C-A017-A0D4F10C0876}.Debug|Windows-AnyCPU.Build.0 = Debug|Any CPU
		{2C31691C-E020-4B6C-A017-A0D4F10C0876}.Debug|Windows-AnyCPU.Deploy.0 = Debug|Any CPU
		{2C31691C-E020-4B6C-A017-A0D4F10C0876}.Debug|Windows-ARM.ActiveCfg = Debug|Any CPU
		{2C31691C-E020-4B6C-A017-A0D4F10C0876}.Debug|Windows-ARM.Build.0 = Debug|Any CPU
		{2C31691C-E020-4B6C-A017-A0D4F10C0876}.Debug|Windows-ARM.Deploy.0 = Debug|Any CPU
		{2C31691C-E020-4B6C-A017-A0D4F10C0876}.Debug|Windows-x64.ActiveCfg = Debug|Any CPU
		{2C31691C-E020-4B6C-A017-A0D4F10C0876}.Debug|Windows-x64.Build.0 = Debug|Any CPU
		{2C31691C-E020-4B6C-A017-A0D4F10C0876}.Debug|Windows-x64.Deploy.0 = Debug|Any CPU
		{2C31691C-E020-4B6C-A017-A0D4F10C0876}.Debug|Windows-x86.ActiveCfg = Debug|Any CPU
		{2C31691C-E020-4B6C-A017-A0D4F10C0876}.Debug|Windows-x86.Build.0 = Debug|Any CPU
		{2C31691C-E020-4B6C-A017-A0D4F10C0876}.Debug|Windows-x86.Deploy.0 = Debug|Any CPU
		{2C31691C-E020-4B6C-A017-A0D4F10C0876}.Debug|x64.ActiveCfg = Debug|x64
		{2C31691C-E020-4B6C-A017-A0D4F10C0876}.Debug|x64.Build.0 = Debug|x64
		{2C31691C-E020-4B6C-A017-A0D4F10C0876}.Debug|x64.Deploy.0 = Debug|x64
		{2C31691C-E020-4B6C-A017-A0D4F10C0876}.Debug|x86.ActiveCfg = Debug|x86
		{2C31691C-E020-4B6C-A017-A0D4F10C0876}.Debug|x86.Build.0 = Debug|x86
		{2C31691C-E020-4B6C-A017-A0D4F10C0876}.Debug|x86.Deploy.0 = Debug|x86
		{2C31691C-E020-4B6C-A017-A0D4F10C0876}.Release|Android.ActiveCfg = Release|Any CPU
		{2C31691C-E020-4B6C-A017-A0D4F10C0876}.Release|Android.Build.0 = Release|Any CPU
		{2C31691C-E020-4B6C-A017-A0D4F10C0876}.Release|Android.Deploy.0 = Release|Any CPU
		{2C31691C-E020-4B6C-A017-A0D4F10C0876}.Release|Any CPU.ActiveCfg = Release|Any CPU
		{2C31691C-E020-4B6C-A017-A0D4F10C0876}.Release|Any CPU.Build.0 = Release|Any CPU
		{2C31691C-E020-4B6C-A017-A0D4F10C0876}.Release|Any CPU.Deploy.0 = Release|Any CPU
		{2C31691C-E020-4B6C-A017-A0D4F10C0876}.Release|ARM.ActiveCfg = Release|ARM
		{2C31691C-E020-4B6C-A017-A0D4F10C0876}.Release|ARM.Build.0 = Release|ARM
		{2C31691C-E020-4B6C-A017-A0D4F10C0876}.Release|ARM.Deploy.0 = Release|ARM
		{2C31691C-E020-4B6C-A017-A0D4F10C0876}.Release|iOS.ActiveCfg = Release|Any CPU
		{2C31691C-E020-4B6C-A017-A0D4F10C0876}.Release|iOS.Build.0 = Release|Any CPU
		{2C31691C-E020-4B6C-A017-A0D4F10C0876}.Release|iOS.Deploy.0 = Release|Any CPU
		{2C31691C-E020-4B6C-A017-A0D4F10C0876}.Release|Windows Phone (Universal).ActiveCfg = Release|Any CPU
		{2C31691C-E020-4B6C-A017-A0D4F10C0876}.Release|Windows Phone (Universal).Build.0 = Release|Any CPU
		{2C31691C-E020-4B6C-A017-A0D4F10C0876}.Release|Windows Phone (Universal).Deploy.0 = Release|Any CPU
		{2C31691C-E020-4B6C-A017-A0D4F10C0876}.Release|Windows Phone 8.ActiveCfg = Release|Any CPU
		{2C31691C-E020-4B6C-A017-A0D4F10C0876}.Release|Windows Phone 8.Build.0 = Release|Any CPU
		{2C31691C-E020-4B6C-A017-A0D4F10C0876}.Release|Windows Phone 8.Deploy.0 = Release|Any CPU
		{2C31691C-E020-4B6C-A017-A0D4F10C0876}.Release|Windows-AnyCPU.ActiveCfg = Release|Any CPU
		{2C31691C-E020-4B6C-A017-A0D4F10C0876}.Release|Windows-AnyCPU.Build.0 = Release|Any CPU
		{2C31691C-E020-4B6C-A017-A0D4F10C0876}.Release|Windows-AnyCPU.Deploy.0 = Release|Any CPU
		{2C31691C-E020-4B6C-A017-A0D4F10C0876}.Release|Windows-ARM.ActiveCfg = Release|Any CPU
		{2C31691C-E020-4B6C-A017-A0D4F10C0876}.Release|Windows-ARM.Build.0 = Release|Any CPU
		{2C31691C-E020-4B6C-A017-A0D4F10C0876}.Release|Windows-ARM.Deploy.0 = Release|Any CPU
		{2C31691C-E020-4B6C-A017-A0D4F10C0876}.Release|Windows-x64.ActiveCfg = Release|Any CPU
		{2C31691C-E020-4B6C-A017-A0D4F10C0876}.Release|Windows-x64.Build.0 = Release|Any CPU
		{2C31691C-E020-4B6C-A017-A0D4F10C0876}.Release|Windows-x64.Deploy.0 = Release|Any CPU
		{2C31691C-E020-4B6C-A017-A0D4F10C0876}.Release|Windows-x86.ActiveCfg = Release|Any CPU
		{2C31691C-E020-4B6C-A017-A0D4F10C0876}.Release|Windows-x86.Build.0 = Release|Any CPU
		{2C31691C-E020-4B6C-A017-A0D4F10C0876}.Release|Windows-x86.Deploy.0 = Release|Any CPU
		{2C31691C-E020-4B6C-A017-A0D4F10C0876}.Release|x64.ActiveCfg = Release|x64
		{2C31691C-E020-4B6C-A017-A0D4F10C0876}.Release|x64.Build.0 = Release|x64
		{2C31691C-E020-4B6C-A017-A0D4F10C0876}.Release|x64.Deploy.0 = Release|x64
		{2C31691C-E020-4B6C-A017-A0D4F10C0876}.Release|x86.ActiveCfg = Release|x86
		{2C31691C-E020-4B6C-A017-A0D4F10C0876}.Release|x86.Build.0 = Release|x86
		{2C31691C-E020-4B6C-A017-A0D4F10C0876}.Release|x86.Deploy.0 = Release|x86
		{80D7808F-0DD4-4E09-A956-CCDFE5F4377E}.Debug|Android.ActiveCfg = Debug|Any CPU
		{80D7808F-0DD4-4E09-A956-CCDFE5F4377E}.Debug|Android.Build.0 = Debug|Any CPU
		{80D7808F-0DD4-4E09-A956-CCDFE5F4377E}.Debug|Any CPU.ActiveCfg = Debug|Any CPU
		{80D7808F-0DD4-4E09-A956-CCDFE5F4377E}.Debug|Any CPU.Build.0 = Debug|Any CPU
		{80D7808F-0DD4-4E09-A956-CCDFE5F4377E}.Debug|ARM.ActiveCfg = Debug|Any CPU
		{80D7808F-0DD4-4E09-A956-CCDFE5F4377E}.Debug|ARM.Build.0 = Debug|Any CPU
		{80D7808F-0DD4-4E09-A956-CCDFE5F4377E}.Debug|iOS.ActiveCfg = Debug|Any CPU
		{80D7808F-0DD4-4E09-A956-CCDFE5F4377E}.Debug|iOS.Build.0 = Debug|Any CPU
		{80D7808F-0DD4-4E09-A956-CCDFE5F4377E}.Debug|Windows Phone (Universal).ActiveCfg = Debug|Any CPU
		{80D7808F-0DD4-4E09-A956-CCDFE5F4377E}.Debug|Windows Phone (Universal).Build.0 = Debug|Any CPU
		{80D7808F-0DD4-4E09-A956-CCDFE5F4377E}.Debug|Windows Phone 8.ActiveCfg = Debug|Any CPU
		{80D7808F-0DD4-4E09-A956-CCDFE5F4377E}.Debug|Windows Phone 8.Build.0 = Debug|Any CPU
		{80D7808F-0DD4-4E09-A956-CCDFE5F4377E}.Debug|Windows-AnyCPU.ActiveCfg = Debug|Any CPU
		{80D7808F-0DD4-4E09-A956-CCDFE5F4377E}.Debug|Windows-AnyCPU.Build.0 = Debug|Any CPU
		{80D7808F-0DD4-4E09-A956-CCDFE5F4377E}.Debug|Windows-ARM.ActiveCfg = Debug|Any CPU
		{80D7808F-0DD4-4E09-A956-CCDFE5F4377E}.Debug|Windows-ARM.Build.0 = Debug|Any CPU
		{80D7808F-0DD4-4E09-A956-CCDFE5F4377E}.Debug|Windows-x64.ActiveCfg = Debug|Any CPU
		{80D7808F-0DD4-4E09-A956-CCDFE5F4377E}.Debug|Windows-x64.Build.0 = Debug|Any CPU
		{80D7808F-0DD4-4E09-A956-CCDFE5F4377E}.Debug|Windows-x86.ActiveCfg = Debug|Any CPU
		{80D7808F-0DD4-4E09-A956-CCDFE5F4377E}.Debug|Windows-x86.Build.0 = Debug|Any CPU
		{80D7808F-0DD4-4E09-A956-CCDFE5F4377E}.Debug|x64.ActiveCfg = Debug|Any CPU
		{80D7808F-0DD4-4E09-A956-CCDFE5F4377E}.Debug|x64.Build.0 = Debug|Any CPU
		{80D7808F-0DD4-4E09-A956-CCDFE5F4377E}.Debug|x86.ActiveCfg = Debug|Any CPU
		{80D7808F-0DD4-4E09-A956-CCDFE5F4377E}.Debug|x86.Build.0 = Debug|Any CPU
		{80D7808F-0DD4-4E09-A956-CCDFE5F4377E}.Release|Android.ActiveCfg = Debug|Any CPU
		{80D7808F-0DD4-4E09-A956-CCDFE5F4377E}.Release|Android.Build.0 = Debug|Any CPU
		{80D7808F-0DD4-4E09-A956-CCDFE5F4377E}.Release|Any CPU.ActiveCfg = Debug|Any CPU
		{80D7808F-0DD4-4E09-A956-CCDFE5F4377E}.Release|Any CPU.Build.0 = Debug|Any CPU
		{80D7808F-0DD4-4E09-A956-CCDFE5F4377E}.Release|ARM.ActiveCfg = Debug|Any CPU
		{80D7808F-0DD4-4E09-A956-CCDFE5F4377E}.Release|ARM.Build.0 = Debug|Any CPU
		{80D7808F-0DD4-4E09-A956-CCDFE5F4377E}.Release|iOS.ActiveCfg = Debug|Any CPU
		{80D7808F-0DD4-4E09-A956-CCDFE5F4377E}.Release|iOS.Build.0 = Debug|Any CPU
		{80D7808F-0DD4-4E09-A956-CCDFE5F4377E}.Release|Windows Phone (Universal).ActiveCfg = Debug|Any CPU
		{80D7808F-0DD4-4E09-A956-CCDFE5F4377E}.Release|Windows Phone (Universal).Build.0 = Debug|Any CPU
		{80D7808F-0DD4-4E09-A956-CCDFE5F4377E}.Release|Windows Phone 8.ActiveCfg = Debug|Any CPU
		{80D7808F-0DD4-4E09-A956-CCDFE5F4377E}.Release|Windows Phone 8.Build.0 = Debug|Any CPU
		{80D7808F-0DD4-4E09-A956-CCDFE5F4377E}.Release|Windows-AnyCPU.ActiveCfg = Debug|Any CPU
		{80D7808F-0DD4-4E09-A956-CCDFE5F4377E}.Release|Windows-AnyCPU.Build.0 = Debug|Any CPU
		{80D7808F-0DD4-4E09-A956-CCDFE5F4377E}.Release|Windows-ARM.ActiveCfg = Debug|Any CPU
		{80D7808F-0DD4-4E09-A956-CCDFE5F4377E}.Release|Windows-ARM.Build.0 = Debug|Any CPU
		{80D7808F-0DD4-4E09-A956-CCDFE5F4377E}.Release|Windows-x64.ActiveCfg = Debug|Any CPU
		{80D7808F-0DD4-4E09-A956-CCDFE5F4377E}.Release|Windows-x64.Build.0 = Debug|Any CPU
		{80D7808F-0DD4-4E09-A956-CCDFE5F4377E}.Release|Windows-x86.ActiveCfg = Debug|Any CPU
		{80D7808F-0DD4-4E09-A956-CCDFE5F4377E}.Release|Windows-x86.Build.0 = Debug|Any CPU
		{80D7808F-0DD4-4E09-A956-CCDFE5F4377E}.Release|x64.ActiveCfg = Debug|Any CPU
		{80D7808F-0DD4-4E09-A956-CCDFE5F4377E}.Release|x64.Build.0 = Debug|Any CPU
		{80D7808F-0DD4-4E09-A956-CCDFE5F4377E}.Release|x86.ActiveCfg = Debug|Any CPU
		{80D7808F-0DD4-4E09-A956-CCDFE5F4377E}.Release|x86.Build.0 = Debug|Any CPU
	EndGlobalSection
	GlobalSection(SolutionProperties) = preSolution
		HideSolutionNode = FALSE
	EndGlobalSection
	GlobalSection(NestedProjects) = preSolution
		{2C31691C-E020-4B6C-A017-A0D4F10C0876} = {D25E0999-38BC-458F-86C8-A180EB231530}
	EndGlobalSection
EndGlobal
